// !$*UTF8*$!
{
	archiveVersion = 1;
	classes = {
	};
	objectVersion = 46;
	objects = {

/* Begin PBXBuildFile section */
		118FE1161CEF0525004F2F51 /* AppDelegate.swift in Sources */ = {isa = PBXBuildFile; fileRef = 118FE1151CEF0525004F2F51 /* AppDelegate.swift */; };
		118FE11D1CEF0525004F2F51 /* Main.storyboard in Resources */ = {isa = PBXBuildFile; fileRef = 118FE11B1CEF0525004F2F51 /* Main.storyboard */; };
		118FE11F1CEF0525004F2F51 /* Assets.xcassets in Resources */ = {isa = PBXBuildFile; fileRef = 118FE11E1CEF0525004F2F51 /* Assets.xcassets */; };
		118FE1221CEF0525004F2F51 /* LaunchScreen.storyboard in Resources */ = {isa = PBXBuildFile; fileRef = 118FE1201CEF0525004F2F51 /* LaunchScreen.storyboard */; };
		7C5003DF20BEE1240098DB3A /* AuthenticationViewController.swift in Sources */ = {isa = PBXBuildFile; fileRef = 7C5003DE20BEE1240098DB3A /* AuthenticationViewController.swift */; };
		7C5003E120BEE7E70098DB3A /* Extensions.swift in Sources */ = {isa = PBXBuildFile; fileRef = 7C5003E020BEE7E70098DB3A /* Extensions.swift */; };
		7CD6676620B9E2DE00C5AC1D /* WebViewController.swift in Sources */ = {isa = PBXBuildFile; fileRef = 7CD6676520B9E2DE00C5AC1D /* WebViewController.swift */; };
		7CD6676820B9EC0E00C5AC1D /* Constants.swift in Sources */ = {isa = PBXBuildFile; fileRef = 7CD6676720B9EC0E00C5AC1D /* Constants.swift */; };
		7CD6676A20B9EC8C00C5AC1D /* MainViewController.swift in Sources */ = {isa = PBXBuildFile; fileRef = 7CD6676920B9EC8C00C5AC1D /* MainViewController.swift */; };
		7CD6679D20BA2EC000C5AC1D /* PhotoQueue.swift in Sources */ = {isa = PBXBuildFile; fileRef = 7CD6679C20BA2EC000C5AC1D /* PhotoQueue.swift */; };
		7CD6679F20BA2F0500C5AC1D /* Reachability.swift in Sources */ = {isa = PBXBuildFile; fileRef = 7CD6679E20BA2F0500C5AC1D /* Reachability.swift */; };
		7CD667A120BB648C00C5AC1D /* Settings.swift in Sources */ = {isa = PBXBuildFile; fileRef = 7CD667A020BB648C00C5AC1D /* Settings.swift */; };
		7CD6864720BC66CD00687BA8 /* LogTableViewController.swift in Sources */ = {isa = PBXBuildFile; fileRef = 7CD6864620BC66CD00687BA8 /* LogTableViewController.swift */; };
		7CD6864D20BDF95500687BA8 /* LogViewController.swift in Sources */ = {isa = PBXBuildFile; fileRef = 7CD6864C20BDF95500687BA8 /* LogViewController.swift */; };
		A4002EDFA923499A46264479 /* Pods_PhotoToCloud_iOS.framework in Frameworks */ = {isa = PBXBuildFile; fileRef = 4B06A0A42EECE3044D6E0F2C /* Pods_PhotoToCloud_iOS.framework */; };
/* End PBXBuildFile section */

/* Begin PBXCopyFilesBuildPhase section */
		7CD6676420B9DDF900C5AC1D /* Embed Frameworks */ = {
			isa = PBXCopyFilesBuildPhase;
			buildActionMask = 2147483647;
			dstPath = "";
			dstSubfolderSpec = 10;
			files = (
			);
			name = "Embed Frameworks";
			runOnlyForDeploymentPostprocessing = 0;
		};
/* End PBXCopyFilesBuildPhase section */

/* Begin PBXFileReference section */
		118FE1121CEF0525004F2F51 /* PhotoToCloud.app */ = {isa = PBXFileReference; explicitFileType = wrapper.application; includeInIndex = 0; path = PhotoToCloud.app; sourceTree = BUILT_PRODUCTS_DIR; };
		118FE1151CEF0525004F2F51 /* AppDelegate.swift */ = {isa = PBXFileReference; lastKnownFileType = sourcecode.swift; lineEnding = 0; path = AppDelegate.swift; sourceTree = "<group>"; xcLanguageSpecificationIdentifier = xcode.lang.swift; };
		118FE11C1CEF0525004F2F51 /* Base */ = {isa = PBXFileReference; lastKnownFileType = file.storyboard; name = Base; path = Base.lproj/Main.storyboard; sourceTree = "<group>"; };
		118FE11E1CEF0525004F2F51 /* Assets.xcassets */ = {isa = PBXFileReference; lastKnownFileType = folder.assetcatalog; path = Assets.xcassets; sourceTree = "<group>"; };
		118FE1211CEF0525004F2F51 /* Base */ = {isa = PBXFileReference; lastKnownFileType = file.storyboard; name = Base; path = Base.lproj/LaunchScreen.storyboard; sourceTree = "<group>"; };
		118FE1231CEF0525004F2F51 /* Info.plist */ = {isa = PBXFileReference; lastKnownFileType = text.plist.xml; path = Info.plist; sourceTree = "<group>"; };
		119E70161CF3CC1700F01BF5 /* README.md */ = {isa = PBXFileReference; lastKnownFileType = net.daringfireball.markdown; path = README.md; sourceTree = "<group>"; };
		4B06A0A42EECE3044D6E0F2C /* Pods_PhotoToCloud_iOS.framework */ = {isa = PBXFileReference; explicitFileType = wrapper.framework; includeInIndex = 0; path = Pods_PhotoToCloud_iOS.framework; sourceTree = BUILT_PRODUCTS_DIR; };
		7C5003DE20BEE1240098DB3A /* AuthenticationViewController.swift */ = {isa = PBXFileReference; lastKnownFileType = sourcecode.swift; path = AuthenticationViewController.swift; sourceTree = "<group>"; };
		7C5003E020BEE7E70098DB3A /* Extensions.swift */ = {isa = PBXFileReference; lastKnownFileType = sourcecode.swift; path = Extensions.swift; sourceTree = "<group>"; };
		7C6D8BF020B9D33A0024DA05 /* SystemConfiguration.framework */ = {isa = PBXFileReference; lastKnownFileType = wrapper.framework; name = SystemConfiguration.framework; path = System/Library/Frameworks/SystemConfiguration.framework; sourceTree = SDKROOT; };
		7CD6676520B9E2DE00C5AC1D /* WebViewController.swift */ = {isa = PBXFileReference; lastKnownFileType = sourcecode.swift; path = WebViewController.swift; sourceTree = "<group>"; };
		7CD6676720B9EC0E00C5AC1D /* Constants.swift */ = {isa = PBXFileReference; lastKnownFileType = sourcecode.swift; path = Constants.swift; sourceTree = "<group>"; };
		7CD6676920B9EC8C00C5AC1D /* MainViewController.swift */ = {isa = PBXFileReference; lastKnownFileType = sourcecode.swift; path = MainViewController.swift; sourceTree = "<group>"; };
		7CD6678920B9F07400C5AC1D /* FlickrKitFramework.framework */ = {isa = PBXFileReference; lastKnownFileType = wrapper.framework; name = FlickrKitFramework.framework; path = "../../Library/Developer/Xcode/DerivedData/PhotoToCloud-alfghramtpxolefhksxbnorhljpl/Build/Products/Debug-iphoneos/FlickrKitFramework.framework"; sourceTree = "<group>"; };
		7CD6679C20BA2EC000C5AC1D /* PhotoQueue.swift */ = {isa = PBXFileReference; lastKnownFileType = sourcecode.swift; path = PhotoQueue.swift; sourceTree = "<group>"; };
		7CD6679E20BA2F0500C5AC1D /* Reachability.swift */ = {isa = PBXFileReference; lastKnownFileType = sourcecode.swift; path = Reachability.swift; sourceTree = "<group>"; };
		7CD667A020BB648C00C5AC1D /* Settings.swift */ = {isa = PBXFileReference; lastKnownFileType = sourcecode.swift; path = Settings.swift; sourceTree = "<group>"; };
		7CD6864620BC66CD00687BA8 /* LogTableViewController.swift */ = {isa = PBXFileReference; lastKnownFileType = sourcecode.swift; path = LogTableViewController.swift; sourceTree = "<group>"; };
		7CD6864C20BDF95500687BA8 /* LogViewController.swift */ = {isa = PBXFileReference; lastKnownFileType = sourcecode.swift; path = LogViewController.swift; sourceTree = "<group>"; };
		A37CF4B4EE05A8ACD9FC50AA /* Pods-PhotoToCloud iOS.debug.xcconfig */ = {isa = PBXFileReference; includeInIndex = 1; lastKnownFileType = text.xcconfig; name = "Pods-PhotoToCloud iOS.debug.xcconfig"; path = "Pods/Target Support Files/Pods-PhotoToCloud iOS/Pods-PhotoToCloud iOS.debug.xcconfig"; sourceTree = "<group>"; };
		EB92A04C523E3F70BC20407A /* Pods-PhotoToCloud iOS.release.xcconfig */ = {isa = PBXFileReference; includeInIndex = 1; lastKnownFileType = text.xcconfig; name = "Pods-PhotoToCloud iOS.release.xcconfig"; path = "Pods/Target Support Files/Pods-PhotoToCloud iOS/Pods-PhotoToCloud iOS.release.xcconfig"; sourceTree = "<group>"; };
/* End PBXFileReference section */

/* Begin PBXFrameworksBuildPhase section */
		118FE10F1CEF0525004F2F51 /* Frameworks */ = {
			isa = PBXFrameworksBuildPhase;
			buildActionMask = 2147483647;
			files = (
				A4002EDFA923499A46264479 /* Pods_PhotoToCloud_iOS.framework in Frameworks */,
			);
			runOnlyForDeploymentPostprocessing = 0;
		};
/* End PBXFrameworksBuildPhase section */

/* Begin PBXGroup section */
		118FE1091CEF0525004F2F51 = {
			isa = PBXGroup;
			children = (
				119E70161CF3CC1700F01BF5 /* README.md */,
				118FE13C1CEF07EB004F2F51 /* Shared */,
				118FE1141CEF0525004F2F51 /* iOS */,
				118FE1131CEF0525004F2F51 /* Products */,
				7C6D8BEA20B9D2F00024DA05 /* Frameworks */,
				F5ACA35AC8AA5C5B49AB12F4 /* Pods */,
			);
			sourceTree = "<group>";
		};
		118FE1131CEF0525004F2F51 /* Products */ = {
			isa = PBXGroup;
			children = (
				118FE1121CEF0525004F2F51 /* PhotoToCloud.app */,
			);
			name = Products;
			sourceTree = "<group>";
		};
		118FE1141CEF0525004F2F51 /* iOS */ = {
			isa = PBXGroup;
			children = (
				118FE11B1CEF0525004F2F51 /* Main.storyboard */,
				118FE11E1CEF0525004F2F51 /* Assets.xcassets */,
				118FE1201CEF0525004F2F51 /* LaunchScreen.storyboard */,
				118FE1231CEF0525004F2F51 /* Info.plist */,
			);
			path = iOS;
			sourceTree = "<group>";
		};
		118FE13C1CEF07EB004F2F51 /* Shared */ = {
			isa = PBXGroup;
			children = (
				118FE1151CEF0525004F2F51 /* AppDelegate.swift */,
				7CD6676520B9E2DE00C5AC1D /* WebViewController.swift */,
				7CD6676720B9EC0E00C5AC1D /* Constants.swift */,
				7CD6676920B9EC8C00C5AC1D /* MainViewController.swift */,
				7CD6679C20BA2EC000C5AC1D /* PhotoQueue.swift */,
				7CD6679E20BA2F0500C5AC1D /* Reachability.swift */,
				7CD667A020BB648C00C5AC1D /* Settings.swift */,
				7CD6864620BC66CD00687BA8 /* LogTableViewController.swift */,
				7CD6864C20BDF95500687BA8 /* LogViewController.swift */,
				7C5003DE20BEE1240098DB3A /* AuthenticationViewController.swift */,
				7C5003E020BEE7E70098DB3A /* Extensions.swift */,
			);
			path = Shared;
			sourceTree = "<group>";
		};
		7C6D8BEA20B9D2F00024DA05 /* Frameworks */ = {
			isa = PBXGroup;
			children = (
				7CD6678920B9F07400C5AC1D /* FlickrKitFramework.framework */,
				7C6D8BF020B9D33A0024DA05 /* SystemConfiguration.framework */,
				4B06A0A42EECE3044D6E0F2C /* Pods_PhotoToCloud_iOS.framework */,
			);
			name = Frameworks;
			sourceTree = "<group>";
		};
		F5ACA35AC8AA5C5B49AB12F4 /* Pods */ = {
			isa = PBXGroup;
			children = (
				A37CF4B4EE05A8ACD9FC50AA /* Pods-PhotoToCloud iOS.debug.xcconfig */,
				EB92A04C523E3F70BC20407A /* Pods-PhotoToCloud iOS.release.xcconfig */,
			);
			name = Pods;
			sourceTree = "<group>";
		};
/* End PBXGroup section */

/* Begin PBXNativeTarget section */
		118FE1111CEF0525004F2F51 /* PhotoToCloud iOS */ = {
			isa = PBXNativeTarget;
			buildConfigurationList = 118FE1261CEF0525004F2F51 /* Build configuration list for PBXNativeTarget "PhotoToCloud iOS" */;
			buildPhases = (
				0FAF2851CF3ECF64E98307EA /* [CP] Check Pods Manifest.lock */,
				118FE10E1CEF0525004F2F51 /* Sources */,
				118FE10F1CEF0525004F2F51 /* Frameworks */,
				118FE1101CEF0525004F2F51 /* Resources */,
				7CD6676420B9DDF900C5AC1D /* Embed Frameworks */,
				55940A87D0793C1C07005E4F /* [CP] Embed Pods Frameworks */,
				C9BDE05A3E8B997BB0187FE4 /* [CP] Copy Pods Resources */,
			);
			buildRules = (
			);
			dependencies = (
			);
			name = "PhotoToCloud iOS";
			productName = SamplePhotosApp;
			productReference = 118FE1121CEF0525004F2F51 /* PhotoToCloud.app */;
			productType = "com.apple.product-type.application";
		};
/* End PBXNativeTarget section */

/* Begin PBXProject section */
		118FE10A1CEF0525004F2F51 /* Project object */ = {
			isa = PBXProject;
			attributes = {
				LastSwiftUpdateCheck = 0800;
				LastUpgradeCheck = 0800;
				ORGANIZATIONNAME = Apple;
				TargetAttributes = {
					118FE1111CEF0525004F2F51 = {
						CreatedOnToolsVersion = 8.0;
						DevelopmentTeam = 65ZN6CM2H7;
						LastSwiftMigration = 0800;
						ProvisioningStyle = Automatic;
						SystemCapabilities = {
							com.apple.BackgroundModes = {
								enabled = 1;
							};
						};
					};
				};
			};
			buildConfigurationList = 118FE10D1CEF0525004F2F51 /* Build configuration list for PBXProject "PhotoToCloud" */;
			compatibilityVersion = "Xcode 3.2";
			developmentRegion = English;
			hasScannedForEncodings = 0;
			knownRegions = (
				en,
				Base,
			);
			mainGroup = 118FE1091CEF0525004F2F51;
			productRefGroup = 118FE1131CEF0525004F2F51 /* Products */;
			projectDirPath = "";
			projectRoot = "";
			targets = (
				118FE1111CEF0525004F2F51 /* PhotoToCloud iOS */,
			);
		};
/* End PBXProject section */

/* Begin PBXResourcesBuildPhase section */
		118FE1101CEF0525004F2F51 /* Resources */ = {
			isa = PBXResourcesBuildPhase;
			buildActionMask = 2147483647;
			files = (
				118FE1221CEF0525004F2F51 /* LaunchScreen.storyboard in Resources */,
				118FE11F1CEF0525004F2F51 /* Assets.xcassets in Resources */,
				118FE11D1CEF0525004F2F51 /* Main.storyboard in Resources */,
			);
			runOnlyForDeploymentPostprocessing = 0;
		};
/* End PBXResourcesBuildPhase section */

/* Begin PBXShellScriptBuildPhase section */
		0FAF2851CF3ECF64E98307EA /* [CP] Check Pods Manifest.lock */ = {
			isa = PBXShellScriptBuildPhase;
			buildActionMask = 2147483647;
			files = (
			);
			inputPaths = (
				"${PODS_PODFILE_DIR_PATH}/Podfile.lock",
				"${PODS_ROOT}/Manifest.lock",
			);
			name = "[CP] Check Pods Manifest.lock";
			outputPaths = (
				"$(DERIVED_FILE_DIR)/Pods-PhotoToCloud iOS-checkManifestLockResult.txt",
			);
			runOnlyForDeploymentPostprocessing = 0;
			shellPath = /bin/sh;
			shellScript = "diff \"${PODS_PODFILE_DIR_PATH}/Podfile.lock\" \"${PODS_ROOT}/Manifest.lock\" > /dev/null\nif [ $? != 0 ] ; then\n    # print error to STDERR\n    echo \"error: The sandbox is not in sync with the Podfile.lock. Run 'pod install' or update your CocoaPods installation.\" >&2\n    exit 1\nfi\n# This output is used by Xcode 'outputs' to avoid re-running this script phase.\necho \"SUCCESS\" > \"${SCRIPT_OUTPUT_FILE_0}\"\n";
			showEnvVarsInLog = 0;
		};
		55940A87D0793C1C07005E4F /* [CP] Embed Pods Frameworks */ = {
			isa = PBXShellScriptBuildPhase;
			buildActionMask = 2147483647;
			files = (
			);
			inputPaths = (
				"${SRCROOT}/Pods/Target Support Files/Pods-PhotoToCloud iOS/Pods-PhotoToCloud iOS-frameworks.sh",
				"${BUILT_PRODUCTS_DIR}/FlickrKit/FlickrKit.framework",
				"${BUILT_PRODUCTS_DIR}/GTMOAuth2/GTMOAuth2.framework",
				"${BUILT_PRODUCTS_DIR}/GTMSessionFetcher/GTMSessionFetcher.framework",
				"${BUILT_PRODUCTS_DIR}/GoogleAPIClientForREST/GoogleAPIClientForREST.framework",
				"${BUILT_PRODUCTS_DIR}/GoogleToolboxForMac/GoogleToolboxForMac.framework",
			);
			name = "[CP] Embed Pods Frameworks";
			outputPaths = (
				"${TARGET_BUILD_DIR}/${FRAMEWORKS_FOLDER_PATH}/FlickrKit.framework",
				"${TARGET_BUILD_DIR}/${FRAMEWORKS_FOLDER_PATH}/GTMOAuth2.framework",
				"${TARGET_BUILD_DIR}/${FRAMEWORKS_FOLDER_PATH}/GTMSessionFetcher.framework",
				"${TARGET_BUILD_DIR}/${FRAMEWORKS_FOLDER_PATH}/GoogleAPIClientForREST.framework",
				"${TARGET_BUILD_DIR}/${FRAMEWORKS_FOLDER_PATH}/GoogleToolboxForMac.framework",
			);
			runOnlyForDeploymentPostprocessing = 0;
			shellPath = /bin/sh;
			shellScript = "\"${SRCROOT}/Pods/Target Support Files/Pods-PhotoToCloud iOS/Pods-PhotoToCloud iOS-frameworks.sh\"\n";
			showEnvVarsInLog = 0;
		};
		C9BDE05A3E8B997BB0187FE4 /* [CP] Copy Pods Resources */ = {
			isa = PBXShellScriptBuildPhase;
			buildActionMask = 2147483647;
			files = (
			);
			inputPaths = (
				"${SRCROOT}/Pods/Target Support Files/Pods-PhotoToCloud iOS/Pods-PhotoToCloud iOS-resources.sh",
				"${PODS_ROOT}/GoogleSignIn/Resources/GoogleSignIn.bundle",
			);
			name = "[CP] Copy Pods Resources";
			outputPaths = (
				"${TARGET_BUILD_DIR}/${UNLOCALIZED_RESOURCES_FOLDER_PATH}",
			);
			runOnlyForDeploymentPostprocessing = 0;
			shellPath = /bin/sh;
			shellScript = "\"${SRCROOT}/Pods/Target Support Files/Pods-PhotoToCloud iOS/Pods-PhotoToCloud iOS-resources.sh\"\n";
			showEnvVarsInLog = 0;
		};
/* End PBXShellScriptBuildPhase section */

/* Begin PBXSourcesBuildPhase section */
		118FE10E1CEF0525004F2F51 /* Sources */ = {
			isa = PBXSourcesBuildPhase;
			buildActionMask = 2147483647;
			files = (
				7CD6864720BC66CD00687BA8 /* LogTableViewController.swift in Sources */,
				7CD6676620B9E2DE00C5AC1D /* WebViewController.swift in Sources */,
				7C5003DF20BEE1240098DB3A /* AuthenticationViewController.swift in Sources */,
				7CD6679D20BA2EC000C5AC1D /* PhotoQueue.swift in Sources */,
				7CD6864D20BDF95500687BA8 /* LogViewController.swift in Sources */,
				7CD6679F20BA2F0500C5AC1D /* Reachability.swift in Sources */,
				7CD6676820B9EC0E00C5AC1D /* Constants.swift in Sources */,
				7CD667A120BB648C00C5AC1D /* Settings.swift in Sources */,
				118FE1161CEF0525004F2F51 /* AppDelegate.swift in Sources */,
				7C5003E120BEE7E70098DB3A /* Extensions.swift in Sources */,
				7CD6676A20B9EC8C00C5AC1D /* MainViewController.swift in Sources */,
			);
			runOnlyForDeploymentPostprocessing = 0;
		};
/* End PBXSourcesBuildPhase section */

/* Begin PBXVariantGroup section */
		118FE11B1CEF0525004F2F51 /* Main.storyboard */ = {
			isa = PBXVariantGroup;
			children = (
				118FE11C1CEF0525004F2F51 /* Base */,
			);
			name = Main.storyboard;
			sourceTree = "<group>";
		};
		118FE1201CEF0525004F2F51 /* LaunchScreen.storyboard */ = {
			isa = PBXVariantGroup;
			children = (
				118FE1211CEF0525004F2F51 /* Base */,
			);
			name = LaunchScreen.storyboard;
			sourceTree = "<group>";
		};
/* End PBXVariantGroup section */

/* Begin XCBuildConfiguration section */
		118FE1241CEF0525004F2F51 /* Debug */ = {
			isa = XCBuildConfiguration;
			buildSettings = {
				ALWAYS_SEARCH_USER_PATHS = NO;
				CLANG_ANALYZER_NONNULL = YES;
				CLANG_CXX_LANGUAGE_STANDARD = "gnu++0x";
				CLANG_CXX_LIBRARY = "libc++";
				CLANG_ENABLE_MODULES = YES;
				CLANG_ENABLE_OBJC_ARC = YES;
				CLANG_WARN_BOOL_CONVERSION = YES;
				CLANG_WARN_CONSTANT_CONVERSION = YES;
				CLANG_WARN_DIRECT_OBJC_ISA_USAGE = YES_ERROR;
				CLANG_WARN_DOCUMENTATION_COMMENTS = YES;
				CLANG_WARN_EMPTY_BODY = YES;
				CLANG_WARN_ENUM_CONVERSION = YES;
				CLANG_WARN_INT_CONVERSION = YES;
				CLANG_WARN_OBJC_ROOT_CLASS = YES_ERROR;
				CLANG_WARN_UNREACHABLE_CODE = YES;
				CLANG_WARN__DUPLICATE_METHOD_MATCH = YES;
				"CODE_SIGN_IDENTITY[sdk=iphoneos*]" = "iPhone Developer";
				COPY_PHASE_STRIP = NO;
				DEBUG_INFORMATION_FORMAT = dwarf;
				ENABLE_STRICT_OBJC_MSGSEND = YES;
				ENABLE_TESTABILITY = YES;
				GCC_C_LANGUAGE_STANDARD = gnu99;
				GCC_DYNAMIC_NO_PIC = NO;
				GCC_NO_COMMON_BLOCKS = YES;
				GCC_OPTIMIZATION_LEVEL = 0;
				GCC_PREPROCESSOR_DEFINITIONS = (
					"DEBUG=1",
					"$(inherited)",
				);
				GCC_WARN_64_TO_32_BIT_CONVERSION = YES;
				GCC_WARN_ABOUT_RETURN_TYPE = YES_ERROR;
				GCC_WARN_UNDECLARED_SELECTOR = YES;
				GCC_WARN_UNINITIALIZED_AUTOS = YES_AGGRESSIVE;
				GCC_WARN_UNUSED_FUNCTION = YES;
				GCC_WARN_UNUSED_VARIABLE = YES;
				IPHONEOS_DEPLOYMENT_TARGET = 10.0;
				MTL_ENABLE_DEBUG_INFO = YES;
				ONLY_ACTIVE_ARCH = YES;
				SDKROOT = iphoneos;
				SWIFT_ACTIVE_COMPILATION_CONDITIONS = DEBUG;
				SWIFT_OPTIMIZATION_LEVEL = "-Onone";
				SWIFT_VERSION = 3.0;
				TARGETED_DEVICE_FAMILY = "1,2";
			};
			name = Debug;
		};
		118FE1251CEF0525004F2F51 /* Release */ = {
			isa = XCBuildConfiguration;
			buildSettings = {
				ALWAYS_SEARCH_USER_PATHS = NO;
				CLANG_ANALYZER_NONNULL = YES;
				CLANG_CXX_LANGUAGE_STANDARD = "gnu++0x";
				CLANG_CXX_LIBRARY = "libc++";
				CLANG_ENABLE_MODULES = YES;
				CLANG_ENABLE_OBJC_ARC = YES;
				CLANG_WARN_BOOL_CONVERSION = YES;
				CLANG_WARN_CONSTANT_CONVERSION = YES;
				CLANG_WARN_DIRECT_OBJC_ISA_USAGE = YES_ERROR;
				CLANG_WARN_DOCUMENTATION_COMMENTS = YES;
				CLANG_WARN_EMPTY_BODY = YES;
				CLANG_WARN_ENUM_CONVERSION = YES;
				CLANG_WARN_INT_CONVERSION = YES;
				CLANG_WARN_OBJC_ROOT_CLASS = YES_ERROR;
				CLANG_WARN_UNREACHABLE_CODE = YES;
				CLANG_WARN__DUPLICATE_METHOD_MATCH = YES;
				"CODE_SIGN_IDENTITY[sdk=iphoneos*]" = "iPhone Developer";
				COPY_PHASE_STRIP = NO;
				DEBUG_INFORMATION_FORMAT = "dwarf-with-dsym";
				ENABLE_NS_ASSERTIONS = NO;
				ENABLE_STRICT_OBJC_MSGSEND = YES;
				GCC_C_LANGUAGE_STANDARD = gnu99;
				GCC_NO_COMMON_BLOCKS = YES;
				GCC_WARN_64_TO_32_BIT_CONVERSION = YES;
				GCC_WARN_ABOUT_RETURN_TYPE = YES_ERROR;
				GCC_WARN_UNDECLARED_SELECTOR = YES;
				GCC_WARN_UNINITIALIZED_AUTOS = YES_AGGRESSIVE;
				GCC_WARN_UNUSED_FUNCTION = YES;
				GCC_WARN_UNUSED_VARIABLE = YES;
				IPHONEOS_DEPLOYMENT_TARGET = 10.0;
				MTL_ENABLE_DEBUG_INFO = NO;
				SDKROOT = iphoneos;
				SWIFT_OPTIMIZATION_LEVEL = "-Owholemodule";
				SWIFT_VERSION = 3.0;
				TARGETED_DEVICE_FAMILY = "1,2";
				VALIDATE_PRODUCT = YES;
			};
			name = Release;
		};
		118FE1271CEF0525004F2F51 /* Debug */ = {
			isa = XCBuildConfiguration;
			baseConfigurationReference = A37CF4B4EE05A8ACD9FC50AA /* Pods-PhotoToCloud iOS.debug.xcconfig */;
			buildSettings = {
				ASSETCATALOG_COMPILER_APPICON_NAME = AppIcon;
				DEVELOPMENT_TEAM = 65ZN6CM2H7;
				HEADER_SEARCH_PATHS = "";
				INFOPLIST_FILE = iOS/Info.plist;
				IPHONEOS_DEPLOYMENT_TARGET = 11.3;
				LD_RUNPATH_SEARCH_PATHS = "$(inherited) @executable_path/Frameworks";
				PRODUCT_BUNDLE_IDENTIFIER = com.lucy.PhotoToCloud;
				PRODUCT_NAME = PhotoToCloud;
				SWIFT_OBJC_BRIDGING_HEADER = "";
				SWIFT_VERSION = 3.0;
			};
			name = Debug;
		};
		118FE1281CEF0525004F2F51 /* Release */ = {
			isa = XCBuildConfiguration;
			baseConfigurationReference = EB92A04C523E3F70BC20407A /* Pods-PhotoToCloud iOS.release.xcconfig */;
			buildSettings = {
				ASSETCATALOG_COMPILER_APPICON_NAME = AppIcon;
				DEVELOPMENT_TEAM = 65ZN6CM2H7;
				HEADER_SEARCH_PATHS = "";
				INFOPLIST_FILE = iOS/Info.plist;
				IPHONEOS_DEPLOYMENT_TARGET = 11.3;
				LD_RUNPATH_SEARCH_PATHS = "$(inherited) @executable_path/Frameworks";
				PRODUCT_BUNDLE_IDENTIFIER = com.lucy.PhotoToCloud;
				PRODUCT_NAME = PhotoToCloud;
				SWIFT_OBJC_BRIDGING_HEADER = "";
				SWIFT_VERSION = 3.0;
			};
			name = Release;
		};
/* End XCBuildConfiguration section */

/* Begin XCConfigurationList section */
		118FE10D1CEF0525004F2F51 /* Build configuration list for PBXProject "PhotoToCloud" */ = {
			isa = XCConfigurationList;
			buildConfigurations = (
				118FE1241CEF0525004F2F51 /* Debug */,
				118FE1251CEF0525004F2F51 /* Release */,
			);
			defaultConfigurationIsVisible = 0;
			defaultConfigurationName = Release;
		};
		118FE1261CEF0525004F2F51 /* Build configuration list for PBXNativeTarget "PhotoToCloud iOS" */ = {
			isa = XCConfigurationList;
			buildConfigurations = (
				118FE1271CEF0525004F2F51 /* Debug */,
				118FE1281CEF0525004F2F51 /* Release */,
			);
			defaultConfigurationIsVisible = 0;
			defaultConfigurationName = Release;
		};
/* End XCConfigurationList section */
	};
	rootObject = 118FE10A1CEF0525004F2F51 /* Project object */;
}
